{
  "name": "Integridos-Frontend",
  "lockfileVersion": 3,
  "requires": true,
  "packages": {
    "": {
      "dependencies": {
        "js-sha256": "^1.0.0"
      }
    },
    "node_modules/js-sha256": {
      "version": "1.0.0",
      "resolved": "https://registry.npmjs.org/js-sha256/-/js-sha256-1.0.0.tgz",
      "integrity": "sha512-Bqxf6ENUzYIMzuELCmRNrJOVbjKH1oMgbfYJBKVr/W1Xf9fazpahqCbb24v1pR7XV1isuqhM+w9KWpK7zCyUQw==",
      "license": "MIT"
    }
  }
}
